// !$*UTF8*$!
{
	archiveVersion = 1;
	classes = {
	};
	objectVersion = 50;
	objects = {

/* Begin PBXBuildFile section */
		00E641FF26A735E1002B921E /* AppDelegate.swift in Sources */ = {isa = PBXBuildFile; fileRef = 00E641FE26A735E1002B921E /* AppDelegate.swift */; };
		00E6420126A735E1002B921E /* SceneDelegate.swift in Sources */ = {isa = PBXBuildFile; fileRef = 00E6420026A735E1002B921E /* SceneDelegate.swift */; };
		00E6420326A735E1002B921E /* ViewController.swift in Sources */ = {isa = PBXBuildFile; fileRef = 00E6420226A735E1002B921E /* ViewController.swift */; };
		00E6420626A735E1002B921E /* Main.storyboard in Resources */ = {isa = PBXBuildFile; fileRef = 00E6420426A735E1002B921E /* Main.storyboard */; };
		00E6420826A735E4002B921E /* Assets.xcassets in Resources */ = {isa = PBXBuildFile; fileRef = 00E6420726A735E4002B921E /* Assets.xcassets */; };
		00E6420B26A735E4002B921E /* LaunchScreen.storyboard in Resources */ = {isa = PBXBuildFile; fileRef = 00E6420926A735E4002B921E /* LaunchScreen.storyboard */; };
		00E6421626A735E4002B921E /* mSmart_test2Tests.swift in Sources */ = {isa = PBXBuildFile; fileRef = 00E6421526A735E4002B921E /* mSmart_test2Tests.swift */; };
		00E6422126A735E5002B921E /* mSmart_test2UITests.swift in Sources */ = {isa = PBXBuildFile; fileRef = 00E6422026A735E5002B921E /* mSmart_test2UITests.swift */; };
		00E6423126A74467002B921E /* mbaViewController.swift in Sources */ = {isa = PBXBuildFile; fileRef = 00E6423026A74467002B921E /* mbaViewController.swift */; };
		00E6423326A75071002B921E /* customButton.swift in Sources */ = {isa = PBXBuildFile; fileRef = 00E6423226A75071002B921E /* customButton.swift */; };
		00E6423526A75D69002B921E /* CustomCheckButton.swift in Sources */ = {isa = PBXBuildFile; fileRef = 00E6423426A75D69002B921E /* CustomCheckButton.swift */; };
		00E6423726A75FD5002B921E /* unitsEnum.swift in Sources */ = {isa = PBXBuildFile; fileRef = 00E6423626A75FD5002B921E /* unitsEnum.swift */; };
		00E6423B26A76A94002B921E /* mbaStorageViewController.swift in Sources */ = {isa = PBXBuildFile; fileRef = 00E6423A26A76A94002B921E /* mbaStorageViewController.swift */; };
		00E6423D26A78398002B921E /* TotalViewController.swift in Sources */ = {isa = PBXBuildFile; fileRef = 00E6423C26A78398002B921E /* TotalViewController.swift */; };
		7DED190726A82804004B1A2D /* infoViewController.swift in Sources */ = {isa = PBXBuildFile; fileRef = 7DED190626A82804004B1A2D /* infoViewController.swift */; };
/* End PBXBuildFile section */

/* Begin PBXContainerItemProxy section */
		00E6421226A735E4002B921E /* PBXContainerItemProxy */ = {
			isa = PBXContainerItemProxy;
			containerPortal = 00E641F326A735E1002B921E /* Project object */;
			proxyType = 1;
			remoteGlobalIDString = 00E641FA26A735E1002B921E;
			remoteInfo = mSmart_test2;
		};
		00E6421D26A735E5002B921E /* PBXContainerItemProxy */ = {
			isa = PBXContainerItemProxy;
			containerPortal = 00E641F326A735E1002B921E /* Project object */;
			proxyType = 1;
			remoteGlobalIDString = 00E641FA26A735E1002B921E;
			remoteInfo = mSmart_test2;
		};
/* End PBXContainerItemProxy section */

/* Begin PBXCopyFilesBuildPhase section */
		7DED190E26A846A8004B1A2D /* Embed Frameworks */ = {
			isa = PBXCopyFilesBuildPhase;
			buildActionMask = 2147483647;
			dstPath = "";
			dstSubfolderSpec = 10;
			files = (
			);
			name = "Embed Frameworks";
			runOnlyForDeploymentPostprocessing = 0;
		};
/* End PBXCopyFilesBuildPhase section */

/* Begin PBXFileReference section */
		00E641FB26A735E1002B921E /* mSmart_test2.app */ = {isa = PBXFileReference; explicitFileType = wrapper.application; includeInIndex = 0; path = mSmart_test2.app; sourceTree = BUILT_PRODUCTS_DIR; };
		00E641FE26A735E1002B921E /* AppDelegate.swift */ = {isa = PBXFileReference; lastKnownFileType = sourcecode.swift; path = AppDelegate.swift; sourceTree = "<group>"; };
		00E6420026A735E1002B921E /* SceneDelegate.swift */ = {isa = PBXFileReference; lastKnownFileType = sourcecode.swift; path = SceneDelegate.swift; sourceTree = "<group>"; };
		00E6420226A735E1002B921E /* ViewController.swift */ = {isa = PBXFileReference; lastKnownFileType = sourcecode.swift; path = ViewController.swift; sourceTree = "<group>"; };
		00E6420526A735E1002B921E /* Base */ = {isa = PBXFileReference; lastKnownFileType = file.storyboard; name = Base; path = Base.lproj/Main.storyboard; sourceTree = "<group>"; };
		00E6420726A735E4002B921E /* Assets.xcassets */ = {isa = PBXFileReference; lastKnownFileType = folder.assetcatalog; path = Assets.xcassets; sourceTree = "<group>"; };
		00E6420A26A735E4002B921E /* Base */ = {isa = PBXFileReference; lastKnownFileType = file.storyboard; name = Base; path = Base.lproj/LaunchScreen.storyboard; sourceTree = "<group>"; };
		00E6420C26A735E4002B921E /* Info.plist */ = {isa = PBXFileReference; lastKnownFileType = text.plist.xml; path = Info.plist; sourceTree = "<group>"; };
		00E6421126A735E4002B921E /* mSmart_test2Tests.xctest */ = {isa = PBXFileReference; explicitFileType = wrapper.cfbundle; includeInIndex = 0; path = mSmart_test2Tests.xctest; sourceTree = BUILT_PRODUCTS_DIR; };
		00E6421526A735E4002B921E /* mSmart_test2Tests.swift */ = {isa = PBXFileReference; lastKnownFileType = sourcecode.swift; path = mSmart_test2Tests.swift; sourceTree = "<group>"; };
		00E6421726A735E4002B921E /* Info.plist */ = {isa = PBXFileReference; lastKnownFileType = text.plist.xml; path = Info.plist; sourceTree = "<group>"; };
		00E6421C26A735E5002B921E /* mSmart_test2UITests.xctest */ = {isa = PBXFileReference; explicitFileType = wrapper.cfbundle; includeInIndex = 0; path = mSmart_test2UITests.xctest; sourceTree = BUILT_PRODUCTS_DIR; };
		00E6422026A735E5002B921E /* mSmart_test2UITests.swift */ = {isa = PBXFileReference; lastKnownFileType = sourcecode.swift; path = mSmart_test2UITests.swift; sourceTree = "<group>"; };
		00E6422226A735E5002B921E /* Info.plist */ = {isa = PBXFileReference; lastKnownFileType = text.plist.xml; path = Info.plist; sourceTree = "<group>"; };
		00E6423026A74467002B921E /* mbaViewController.swift */ = {isa = PBXFileReference; fileEncoding = 4; lastKnownFileType = sourcecode.swift; path = mbaViewController.swift; sourceTree = "<group>"; };
		00E6423226A75071002B921E /* customButton.swift */ = {isa = PBXFileReference; lastKnownFileType = sourcecode.swift; path = customButton.swift; sourceTree = "<group>"; };
		00E6423426A75D69002B921E /* CustomCheckButton.swift */ = {isa = PBXFileReference; lastKnownFileType = sourcecode.swift; path = CustomCheckButton.swift; sourceTree = "<group>"; };
		00E6423626A75FD5002B921E /* unitsEnum.swift */ = {isa = PBXFileReference; lastKnownFileType = sourcecode.swift; path = unitsEnum.swift; sourceTree = "<group>"; };
		00E6423A26A76A94002B921E /* mbaStorageViewController.swift */ = {isa = PBXFileReference; lastKnownFileType = sourcecode.swift; path = mbaStorageViewController.swift; sourceTree = "<group>"; };
		00E6423C26A78398002B921E /* TotalViewController.swift */ = {isa = PBXFileReference; lastKnownFileType = sourcecode.swift; path = TotalViewController.swift; sourceTree = "<group>"; };
		7DED190626A82804004B1A2D /* infoViewController.swift */ = {isa = PBXFileReference; lastKnownFileType = sourcecode.swift; path = infoViewController.swift; sourceTree = "<group>"; };
/* End PBXFileReference section */

/* Begin PBXFrameworksBuildPhase section */
		00E641F826A735E1002B921E /* Frameworks */ = {
			isa = PBXFrameworksBuildPhase;
			buildActionMask = 2147483647;
			files = (
			);
			runOnlyForDeploymentPostprocessing = 0;
		};
		00E6420E26A735E4002B921E /* Frameworks */ = {
			isa = PBXFrameworksBuildPhase;
			buildActionMask = 2147483647;
			files = (
			);
			runOnlyForDeploymentPostprocessing = 0;
		};
		00E6421926A735E5002B921E /* Frameworks */ = {
			isa = PBXFrameworksBuildPhase;
			buildActionMask = 2147483647;
			files = (
			);
			runOnlyForDeploymentPostprocessing = 0;
		};
/* End PBXFrameworksBuildPhase section */

/* Begin PBXGroup section */
		00E641F226A735E1002B921E = {
			isa = PBXGroup;
			children = (
				00E641FD26A735E1002B921E /* mSmart_test2 */,
				00E6421426A735E4002B921E /* mSmart_test2Tests */,
				00E6421F26A735E5002B921E /* mSmart_test2UITests */,
				00E641FC26A735E1002B921E /* Products */,
			);
			sourceTree = "<group>";
		};
		00E641FC26A735E1002B921E /* Products */ = {
			isa = PBXGroup;
			children = (
				00E641FB26A735E1002B921E /* mSmart_test2.app */,
				00E6421126A735E4002B921E /* mSmart_test2Tests.xctest */,
				00E6421C26A735E5002B921E /* mSmart_test2UITests.xctest */,
			);
			name = Products;
			sourceTree = "<group>";
		};
		00E641FD26A735E1002B921E /* mSmart_test2 */ = {
			isa = PBXGroup;
			children = (
				00E641FE26A735E1002B921E /* AppDelegate.swift */,
				00E6420026A735E1002B921E /* SceneDelegate.swift */,
				00E6420226A735E1002B921E /* ViewController.swift */,
				00E6423026A74467002B921E /* mbaViewController.swift */,
				00E6423A26A76A94002B921E /* mbaStorageViewController.swift */,
				00E6423C26A78398002B921E /* TotalViewController.swift */,
				7DED190626A82804004B1A2D /* infoViewController.swift */,
				00E6420426A735E1002B921E /* Main.storyboard */,
				00E6420726A735E4002B921E /* Assets.xcassets */,
				00E6420926A735E4002B921E /* LaunchScreen.storyboard */,
				00E6420C26A735E4002B921E /* Info.plist */,
				00E6423226A75071002B921E /* customButton.swift */,
				00E6423426A75D69002B921E /* CustomCheckButton.swift */,
				00E6423626A75FD5002B921E /* unitsEnum.swift */,
			);
			path = mSmart_test2;
			sourceTree = "<group>";
		};
		00E6421426A735E4002B921E /* mSmart_test2Tests */ = {
			isa = PBXGroup;
			children = (
				00E6421526A735E4002B921E /* mSmart_test2Tests.swift */,
				00E6421726A735E4002B921E /* Info.plist */,
			);
			path = mSmart_test2Tests;
			sourceTree = "<group>";
		};
		00E6421F26A735E5002B921E /* mSmart_test2UITests */ = {
			isa = PBXGroup;
			children = (
				00E6422026A735E5002B921E /* mSmart_test2UITests.swift */,
				00E6422226A735E5002B921E /* Info.plist */,
			);
			path = mSmart_test2UITests;
			sourceTree = "<group>";
		};
/* End PBXGroup section */

/* Begin PBXNativeTarget section */
		00E641FA26A735E1002B921E /* mSmart_test2 */ = {
			isa = PBXNativeTarget;
			buildConfigurationList = 00E6422526A735E5002B921E /* Build configuration list for PBXNativeTarget "mSmart_test2" */;
			buildPhases = (
				00E641F726A735E1002B921E /* Sources */,
				00E641F826A735E1002B921E /* Frameworks */,
				00E641F926A735E1002B921E /* Resources */,
				7DED190E26A846A8004B1A2D /* Embed Frameworks */,
			);
			buildRules = (
			);
			dependencies = (
			);
			name = mSmart_test2;
			packageProductDependencies = (
			);
			productName = mSmart_test2;
			productReference = 00E641FB26A735E1002B921E /* mSmart_test2.app */;
			productType = "com.apple.product-type.application";
		};
		00E6421026A735E4002B921E /* mSmart_test2Tests */ = {
			isa = PBXNativeTarget;
			buildConfigurationList = 00E6422826A735E5002B921E /* Build configuration list for PBXNativeTarget "mSmart_test2Tests" */;
			buildPhases = (
				00E6420D26A735E4002B921E /* Sources */,
				00E6420E26A735E4002B921E /* Frameworks */,
				00E6420F26A735E4002B921E /* Resources */,
			);
			buildRules = (
			);
			dependencies = (
				00E6421326A735E4002B921E /* PBXTargetDependency */,
			);
			name = mSmart_test2Tests;
			productName = mSmart_test2Tests;
			productReference = 00E6421126A735E4002B921E /* mSmart_test2Tests.xctest */;
			productType = "com.apple.product-type.bundle.unit-test";
		};
		00E6421B26A735E5002B921E /* mSmart_test2UITests */ = {
			isa = PBXNativeTarget;
			buildConfigurationList = 00E6422B26A735E5002B921E /* Build configuration list for PBXNativeTarget "mSmart_test2UITests" */;
			buildPhases = (
				00E6421826A735E5002B921E /* Sources */,
				00E6421926A735E5002B921E /* Frameworks */,
				00E6421A26A735E5002B921E /* Resources */,
			);
			buildRules = (
			);
			dependencies = (
				00E6421E26A735E5002B921E /* PBXTargetDependency */,
			);
			name = mSmart_test2UITests;
			productName = mSmart_test2UITests;
			productReference = 00E6421C26A735E5002B921E /* mSmart_test2UITests.xctest */;
			productType = "com.apple.product-type.bundle.ui-testing";
		};
/* End PBXNativeTarget section */

/* Begin PBXProject section */
		00E641F326A735E1002B921E /* Project object */ = {
			isa = PBXProject;
			attributes = {
				LastSwiftUpdateCheck = 1250;
				LastUpgradeCheck = 1250;
				TargetAttributes = {
					00E641FA26A735E1002B921E = {
						CreatedOnToolsVersion = 12.5.1;
					};
					00E6421026A735E4002B921E = {
						CreatedOnToolsVersion = 12.5.1;
						TestTargetID = 00E641FA26A735E1002B921E;
					};
					00E6421B26A735E5002B921E = {
						CreatedOnToolsVersion = 12.5.1;
						TestTargetID = 00E641FA26A735E1002B921E;
					};
				};
			};
			buildConfigurationList = 00E641F626A735E1002B921E /* Build configuration list for PBXProject "mSmart_test2" */;
			compatibilityVersion = "Xcode 9.3";
			developmentRegion = en;
			hasScannedForEncodings = 0;
			knownRegions = (
				en,
				Base,
			);
			mainGroup = 00E641F226A735E1002B921E;
			packageReferences = (
			);
			productRefGroup = 00E641FC26A735E1002B921E /* Products */;
			projectDirPath = "";
			projectRoot = "";
			targets = (
				00E641FA26A735E1002B921E /* mSmart_test2 */,
				00E6421026A735E4002B921E /* mSmart_test2Tests */,
				00E6421B26A735E5002B921E /* mSmart_test2UITests */,
			);
		};
/* End PBXProject section */

/* Begin PBXResourcesBuildPhase section */
		00E641F926A735E1002B921E /* Resources */ = {
			isa = PBXResourcesBuildPhase;
			buildActionMask = 2147483647;
			files = (
				00E6420B26A735E4002B921E /* LaunchScreen.storyboard in Resources */,
				00E6420826A735E4002B921E /* Assets.xcassets in Resources */,
				00E6420626A735E1002B921E /* Main.storyboard in Resources */,
			);
			runOnlyForDeploymentPostprocessing = 0;
		};
		00E6420F26A735E4002B921E /* Resources */ = {
			isa = PBXResourcesBuildPhase;
			buildActionMask = 2147483647;
			files = (
			);
			runOnlyForDeploymentPostprocessing = 0;
		};
		00E6421A26A735E5002B921E /* Resources */ = {
			isa = PBXResourcesBuildPhase;
			buildActionMask = 2147483647;
			files = (
			);
			runOnlyForDeploymentPostprocessing = 0;
		};
/* End PBXResourcesBuildPhase section */

/* Begin PBXSourcesBuildPhase section */
		00E641F726A735E1002B921E /* Sources */ = {
			isa = PBXSourcesBuildPhase;
			buildActionMask = 2147483647;
			files = (
				00E6423726A75FD5002B921E /* unitsEnum.swift in Sources */,
				00E6420326A735E1002B921E /* ViewController.swift in Sources */,
				7DED190726A82804004B1A2D /* infoViewController.swift in Sources */,
				00E6423126A74467002B921E /* mbaViewController.swift in Sources */,
				00E641FF26A735E1002B921E /* AppDelegate.swift in Sources */,
				00E6420126A735E1002B921E /* SceneDelegate.swift in Sources */,
				00E6423B26A76A94002B921E /* mbaStorageViewController.swift in Sources */,
				00E6423326A75071002B921E /* customButton.swift in Sources */,
				00E6423526A75D69002B921E /* CustomCheckButton.swift in Sources */,
				00E6423D26A78398002B921E /* TotalViewController.swift in Sources */,
			);
			runOnlyForDeploymentPostprocessing = 0;
		};
		00E6420D26A735E4002B921E /* Sources */ = {
			isa = PBXSourcesBuildPhase;
			buildActionMask = 2147483647;
			files = (
				00E6421626A735E4002B921E /* mSmart_test2Tests.swift in Sources */,
			);
			runOnlyForDeploymentPostprocessing = 0;
		};
		00E6421826A735E5002B921E /* Sources */ = {
			isa = PBXSourcesBuildPhase;
			buildActionMask = 2147483647;
			files = (
				00E6422126A735E5002B921E /* mSmart_test2UITests.swift in Sources */,
			);
			runOnlyForDeploymentPostprocessing = 0;
		};
/* End PBXSourcesBuildPhase section */

/* Begin PBXTargetDependency section */
		00E6421326A735E4002B921E /* PBXTargetDependency */ = {
			isa = PBXTargetDependency;
			target = 00E641FA26A735E1002B921E /* mSmart_test2 */;
			targetProxy = 00E6421226A735E4002B921E /* PBXContainerItemProxy */;
		};
		00E6421E26A735E5002B921E /* PBXTargetDependency */ = {
			isa = PBXTargetDependency;
			target = 00E641FA26A735E1002B921E /* mSmart_test2 */;
			targetProxy = 00E6421D26A735E5002B921E /* PBXContainerItemProxy */;
		};
/* End PBXTargetDependency section */

/* Begin PBXVariantGroup section */
		00E6420426A735E1002B921E /* Main.storyboard */ = {
			isa = PBXVariantGroup;
			children = (
				00E6420526A735E1002B921E /* Base */,
			);
			name = Main.storyboard;
			sourceTree = "<group>";
		};
		00E6420926A735E4002B921E /* LaunchScreen.storyboard */ = {
			isa = PBXVariantGroup;
			children = (
				00E6420A26A735E4002B921E /* Base */,
			);
			name = LaunchScreen.storyboard;
			sourceTree = "<group>";
		};
/* End PBXVariantGroup section */

/* Begin XCBuildConfiguration section */
		00E6422326A735E5002B921E /* Debug */ = {
			isa = XCBuildConfiguration;
			buildSettings = {
				ALWAYS_SEARCH_USER_PATHS = NO;
				CLANG_ANALYZER_NONNULL = YES;
				CLANG_ANALYZER_NUMBER_OBJECT_CONVERSION = YES_AGGRESSIVE;
				CLANG_CXX_LANGUAGE_STANDARD = "gnu++14";
				CLANG_CXX_LIBRARY = "libc++";
				CLANG_ENABLE_MODULES = YES;
				CLANG_ENABLE_OBJC_ARC = YES;
				CLANG_ENABLE_OBJC_WEAK = YES;
				CLANG_WARN_BLOCK_CAPTURE_AUTORELEASING = YES;
				CLANG_WARN_BOOL_CONVERSION = YES;
				CLANG_WARN_COMMA = YES;
				CLANG_WARN_CONSTANT_CONVERSION = YES;
				CLANG_WARN_DEPRECATED_OBJC_IMPLEMENTATIONS = YES;
				CLANG_WARN_DIRECT_OBJC_ISA_USAGE = YES_ERROR;
				CLANG_WARN_DOCUMENTATION_COMMENTS = YES;
				CLANG_WARN_EMPTY_BODY = YES;
				CLANG_WARN_ENUM_CONVERSION = YES;
				CLANG_WARN_INFINITE_RECURSION = YES;
				CLANG_WARN_INT_CONVERSION = YES;
				CLANG_WARN_NON_LITERAL_NULL_CONVERSION = YES;
				CLANG_WARN_OBJC_IMPLICIT_RETAIN_SELF = YES;
				CLANG_WARN_OBJC_LITERAL_CONVERSION = YES;
				CLANG_WARN_OBJC_ROOT_CLASS = YES_ERROR;
				CLANG_WARN_QUOTED_INCLUDE_IN_FRAMEWORK_HEADER = YES;
				CLANG_WARN_RANGE_LOOP_ANALYSIS = YES;
				CLANG_WARN_STRICT_PROTOTYPES = YES;
				CLANG_WARN_SUSPICIOUS_MOVE = YES;
				CLANG_WARN_UNGUARDED_AVAILABILITY = YES_AGGRESSIVE;
				CLANG_WARN_UNREACHABLE_CODE = YES;
				CLANG_WARN__DUPLICATE_METHOD_MATCH = YES;
				COPY_PHASE_STRIP = NO;
				DEBUG_INFORMATION_FORMAT = dwarf;
				ENABLE_STRICT_OBJC_MSGSEND = YES;
				ENABLE_TESTABILITY = YES;
				GCC_C_LANGUAGE_STANDARD = gnu11;
				GCC_DYNAMIC_NO_PIC = NO;
				GCC_NO_COMMON_BLOCKS = YES;
				GCC_OPTIMIZATION_LEVEL = 0;
				GCC_PREPROCESSOR_DEFINITIONS = (
					"DEBUG=1",
					"$(inherited)",
				);
				GCC_WARN_64_TO_32_BIT_CONVERSION = YES;
				GCC_WARN_ABOUT_RETURN_TYPE = YES_ERROR;
				GCC_WARN_UNDECLARED_SELECTOR = YES;
				GCC_WARN_UNINITIALIZED_AUTOS = YES_AGGRESSIVE;
				GCC_WARN_UNUSED_FUNCTION = YES;
				GCC_WARN_UNUSED_VARIABLE = YES;
				IPHONEOS_DEPLOYMENT_TARGET = 14.5;
				MTL_ENABLE_DEBUG_INFO = INCLUDE_SOURCE;
				MTL_FAST_MATH = YES;
				ONLY_ACTIVE_ARCH = YES;
				SDKROOT = iphoneos;
				SWIFT_ACTIVE_COMPILATION_CONDITIONS = DEBUG;
				SWIFT_OPTIMIZATION_LEVEL = "-Onone";
			};
			name = Debug;
		};
		00E6422426A735E5002B921E /* Release */ = {
			isa = XCBuildConfiguration;
			buildSettings = {
				ALWAYS_SEARCH_USER_PATHS = NO;
				CLANG_ANALYZER_NONNULL = YES;
				CLANG_ANALYZER_NUMBER_OBJECT_CONVERSION = YES_AGGRESSIVE;
				CLANG_CXX_LANGUAGE_STANDARD = "gnu++14";
				CLANG_CXX_LIBRARY = "libc++";
				CLANG_ENABLE_MODULES = YES;
				CLANG_ENABLE_OBJC_ARC = YES;
				CLANG_ENABLE_OBJC_WEAK = YES;
				CLANG_WARN_BLOCK_CAPTURE_AUTORELEASING = YES;
				CLANG_WARN_BOOL_CONVERSION = YES;
				CLANG_WARN_COMMA = YES;
				CLANG_WARN_CONSTANT_CONVERSION = YES;
				CLANG_WARN_DEPRECATED_OBJC_IMPLEMENTATIONS = YES;
				CLANG_WARN_DIRECT_OBJC_ISA_USAGE = YES_ERROR;
				CLANG_WARN_DOCUMENTATION_COMMENTS = YES;
				CLANG_WARN_EMPTY_BODY = YES;
				CLANG_WARN_ENUM_CONVERSION = YES;
				CLANG_WARN_INFINITE_RECURSION = YES;
				CLANG_WARN_INT_CONVERSION = YES;
				CLANG_WARN_NON_LITERAL_NULL_CONVERSION = YES;
				CLANG_WARN_OBJC_IMPLICIT_RETAIN_SELF = YES;
				CLANG_WARN_OBJC_LITERAL_CONVERSION = YES;
				CLANG_WARN_OBJC_ROOT_CLASS = YES_ERROR;
				CLANG_WARN_QUOTED_INCLUDE_IN_FRAMEWORK_HEADER = YES;
				CLANG_WARN_RANGE_LOOP_ANALYSIS = YES;
				CLANG_WARN_STRICT_PROTOTYPES = YES;
				CLANG_WARN_SUSPICIOUS_MOVE = YES;
				CLANG_WARN_UNGUARDED_AVAILABILITY = YES_AGGRESSIVE;
				CLANG_WARN_UNREACHABLE_CODE = YES;
				CLANG_WARN__DUPLICATE_METHOD_MATCH = YES;
				COPY_PHASE_STRIP = NO;
				DEBUG_INFORMATION_FORMAT = "dwarf-with-dsym";
				ENABLE_NS_ASSERTIONS = NO;
				ENABLE_STRICT_OBJC_MSGSEND = YES;
				GCC_C_LANGUAGE_STANDARD = gnu11;
				GCC_NO_COMMON_BLOCKS = YES;
				GCC_WARN_64_TO_32_BIT_CONVERSION = YES;
				GCC_WARN_ABOUT_RETURN_TYPE = YES_ERROR;
				GCC_WARN_UNDECLARED_SELECTOR = YES;
				GCC_WARN_UNINITIALIZED_AUTOS = YES_AGGRESSIVE;
				GCC_WARN_UNUSED_FUNCTION = YES;
				GCC_WARN_UNUSED_VARIABLE = YES;
				IPHONEOS_DEPLOYMENT_TARGET = 14.5;
				MTL_ENABLE_DEBUG_INFO = NO;
				MTL_FAST_MATH = YES;
				SDKROOT = iphoneos;
				SWIFT_COMPILATION_MODE = wholemodule;
				SWIFT_OPTIMIZATION_LEVEL = "-O";
				VALIDATE_PRODUCT = YES;
			};
			name = Release;
		};
		00E6422626A735E5002B921E /* Debug */ = {
			isa = XCBuildConfiguration;
			buildSettings = {
				ASSETCATALOG_COMPILER_APPICON_NAME = AppIcon;
				ASSETCATALOG_COMPILER_GLOBAL_ACCENT_COLOR_NAME = AccentColor;
				CODE_SIGN_STYLE = Automatic;
				DEVELOPMENT_TEAM = U6BY9U5Z79;
				INFOPLIST_FILE = mSmart_test2/Info.plist;
				LD_RUNPATH_SEARCH_PATHS = (
					"$(inherited)",
					"@executable_path/Frameworks",
				);
				PRODUCT_BUNDLE_IDENTIFIER = "Robin-Ellingsen.mSmart-test2";
				PRODUCT_NAME = "$(TARGET_NAME)";
				SWIFT_VERSION = 5.0;
				TARGETED_DEVICE_FAMILY = "1,2";
			};
			name = Debug;
		};
		00E6422726A735E5002B921E /* Release */ = {
			isa = XCBuildConfiguration;
			buildSettings = {
				ASSETCATALOG_COMPILER_APPICON_NAME = AppIcon;
				ASSETCATALOG_COMPILER_GLOBAL_ACCENT_COLOR_NAME = AccentColor;
				CODE_SIGN_STYLE = Automatic;
				DEVELOPMENT_TEAM = U6BY9U5Z79;
				INFOPLIST_FILE = mSmart_test2/Info.plist;
				LD_RUNPATH_SEARCH_PATHS = (
					"$(inherited)",
					"@executable_path/Frameworks",
				);
				PRODUCT_BUNDLE_IDENTIFIER = "Robin-Ellingsen.mSmart-test2";
				PRODUCT_NAME = "$(TARGET_NAME)";
				SWIFT_VERSION = 5.0;
				TARGETED_DEVICE_FAMILY = "1,2";
			};
			name = Release;
		};
		00E6422926A735E5002B921E /* Debug */ = {
			isa = XCBuildConfiguration;
			buildSettings = {
				ALWAYS_EMBED_SWIFT_STANDARD_LIBRARIES = YES;
				BUNDLE_LOADER = "$(TEST_HOST)";
				CODE_SIGN_STYLE = Automatic;
				DEVELOPMENT_TEAM = U6BY9U5Z79;
				INFOPLIST_FILE = mSmart_test2Tests/Info.plist;
				IPHONEOS_DEPLOYMENT_TARGET = 14.5;
				LD_RUNPATH_SEARCH_PATHS = (
					"$(inherited)",
					"@executable_path/Frameworks",
					"@loader_path/Frameworks",
				);
				PRODUCT_BUNDLE_IDENTIFIER = "Robin-Ellingsen.mSmart-test2Tests";
				PRODUCT_NAME = "$(TARGET_NAME)";
				SWIFT_VERSION = 5.0;
				TARGETED_DEVICE_FAMILY = "1,2";
				TEST_HOST = "$(BUILT_PRODUCTS_DIR)/mSmart_test2.app/mSmart_test2";
			};
			name = Debug;
		};
		00E6422A26A735E5002B921E /* Release */ = {
			isa = XCBuildConfiguration;
			buildSettings = {
				ALWAYS_EMBED_SWIFT_STANDARD_LIBRARIES = YES;
				BUNDLE_LOADER = "$(TEST_HOST)";
				CODE_SIGN_STYLE = Automatic;
				DEVELOPMENT_TEAM = U6BY9U5Z79;
				INFOPLIST_FILE = mSmart_test2Tests/Info.plist;
				IPHONEOS_DEPLOYMENT_TARGET = 14.5;
				LD_RUNPATH_SEARCH_PATHS = (
					"$(inherited)",
					"@executable_path/Frameworks",
					"@loader_path/Frameworks",
				);
				PRODUCT_BUNDLE_IDENTIFIER = "Robin-Ellingsen.mSmart-test2Tests";
				PRODUCT_NAME = "$(TARGET_NAME)";
				SWIFT_VERSION = 5.0;
				TARGETED_DEVICE_FAMILY = "1,2";
				TEST_HOST = "$(BUILT_PRODUCTS_DIR)/mSmart_test2.app/mSmart_test2";
			};
			name = Release;
		};
		00E6422C26A735E5002B921E /* Debug */ = {
			isa = XCBuildConfiguration;
			buildSettings = {
				ALWAYS_EMBED_SWIFT_STANDARD_LIBRARIES = YES;
				CODE_SIGN_STYLE = Automatic;
				DEVELOPMENT_TEAM = U6BY9U5Z79;
				INFOPLIST_FILE = mSmart_test2UITests/Info.plist;
				LD_RUNPATH_SEARCH_PATHS = (
					"$(inherited)",
					"@executable_path/Frameworks",
					"@loader_path/Frameworks",
				);
				PRODUCT_BUNDLE_IDENTIFIER = "Robin-Ellingsen.mSmart-test2UITests";
				PRODUCT_NAME = "$(TARGET_NAME)";
				SWIFT_VERSION = 5.0;
				TARGETED_DEVICE_FAMILY = "1,2";
				TEST_TARGET_NAME = mSmart_test2;
			};
			name = Debug;
		};
		00E6422D26A735E5002B921E /* Release */ = {
			isa = XCBuildConfiguration;
			buildSettings = {
				ALWAYS_EMBED_SWIFT_STANDARD_LIBRARIES = YES;
				CODE_SIGN_STYLE = Automatic;
				DEVELOPMENT_TEAM = U6BY9U5Z79;
				INFOPLIST_FILE = mSmart_test2UITests/Info.plist;
				LD_RUNPATH_SEARCH_PATHS = (
					"$(inherited)",
					"@executable_path/Frameworks",
					"@loader_path/Frameworks",
				);
				PRODUCT_BUNDLE_IDENTIFIER = "Robin-Ellingsen.mSmart-test2UITests";
				PRODUCT_NAME = "$(TARGET_NAME)";
				SWIFT_VERSION = 5.0;
				TARGETED_DEVICE_FAMILY = "1,2";
				TEST_TARGET_NAME = mSmart_test2;
			};
			name = Release;
		};
/* End XCBuildConfiguration section */

/* Begin XCConfigurationList section */
		00E641F626A735E1002B921E /* Build configuration list for PBXProject "mSmart_test2" */ = {
			isa = XCConfigurationList;
			buildConfigurations = (
				00E6422326A735E5002B921E /* Debug */,
				00E6422426A735E5002B921E /* Release */,
			);
			defaultConfigurationIsVisible = 0;
			defaultConfigurationName = Release;
		};
		00E6422526A735E5002B921E /* Build configuration list for PBXNativeTarget "mSmart_test2" */ = {
			isa = XCConfigurationList;
			buildConfigurations = (
				00E6422626A735E5002B921E /* Debug */,
				00E6422726A735E5002B921E /* Release */,
			);
			defaultConfigurationIsVisible = 0;
			defaultConfigurationName = Release;
		};
		00E6422826A735E5002B921E /* Build configuration list for PBXNativeTarget "mSmart_test2Tests" */ = {
			isa = XCConfigurationList;
			buildConfigurations = (
				00E6422926A735E5002B921E /* Debug */,
				00E6422A26A735E5002B921E /* Release */,
			);
			defaultConfigurationIsVisible = 0;
			defaultConfigurationName = Release;
		};
		00E6422B26A735E5002B921E /* Build configuration list for PBXNativeTarget "mSmart_test2UITests" */ = {
			isa = XCConfigurationList;
			buildConfigurations = (
				00E6422C26A735E5002B921E /* Debug */,
				00E6422D26A735E5002B921E /* Release */,
			);
			defaultConfigurationIsVisible = 0;
			defaultConfigurationName = Release;
		};
/* End XCConfigurationList section */
	};
	rootObject = 00E641F326A735E1002B921E /* Project object */;
}
