{
  "object": {
    "pins": [
      {
        "package": "BuyMeACoffee",
        "repositoryURL": "https://github.com/appcraftstudio/buymeacoffee.git",
        "state": {
          "branch": null,
          "revision": "93ef566ac87fbe9a49f4da036a4d1e41c1d11ad9",
          "version": "1.0.5"
        }
      }
    ]
  },
  "version": 1
}
